
Microsoft Visual Studio Solution File, Format Version 12.00
# Visual Studio Version 16
VisualStudioVersion = 16.0.31911.196
MinimumVisualStudioVersion = 10.0.40219.1
Project("{FAE04EC0-301F-11D3-BF4B-00C04F79EFBC}") = "ElectronicsShop", "ElectronicsShop\ElectronicsShop.csproj", "{3553F60E-AB3F-45F4-AE75-3227D3446924}"
EndProject
Global
	GlobalSection(SolutionConfigurationPlatforms) = preSolution
		Debug|Any CPU = Debug|Any CPU
		Release|Any CPU = Release|Any CPU
	EndGlobalSection
	GlobalSection(ProjectConfigurationPlatforms) = postSolution
		{3553F60E-AB3F-45F4-AE75-3227D3446924}.Debug|Any CPU.ActiveCfg = Debug|Any CPU
		{3553F60E-AB3F-45F4-AE75-3227D3446924}.Debug|Any CPU.Build.0 = Debug|Any CPU
		{3553F60E-AB3F-45F4-AE75-3227D3446924}.Release|Any CPU.ActiveCfg = Release|Any CPU
		{3553F60E-AB3F-45F4-AE75-3227D3446924}.Release|Any CPU.Build.0 = Release|Any CPU
	EndGlobalSection
	GlobalSection(SolutionProperties) = preSolution
		HideSolutionNode = FALSE
	EndGlobalSection
	GlobalSection(ExtensibilityGlobals) = postSolution
		SolutionGuid = {FBACFD91-0BB0-42FC-961D-37CEEBC39AA1}
	EndGlobalSection
EndGlobal
